// !$*UTF8*$!
{
	archiveVersion = 1;
	classes = {
	};
	objectVersion = 50;
	objects = {

/* Begin PBXBuildFile section */
		DCAB9FFC22D73DFF00FB1C5B /* AppDelegate.swift in Sources */ = {isa = PBXBuildFile; fileRef = DCAB9FFB22D73DFF00FB1C5B /* AppDelegate.swift */; };
		DCAB9FFE22D73DFF00FB1C5B /* ViewController.swift in Sources */ = {isa = PBXBuildFile; fileRef = DCAB9FFD22D73DFF00FB1C5B /* ViewController.swift */; };
		DCABA00122D73DFF00FB1C5B /* Main.storyboard in Resources */ = {isa = PBXBuildFile; fileRef = DCAB9FFF22D73DFF00FB1C5B /* Main.storyboard */; };
		DCABA00322D73DFF00FB1C5B /* Assets.xcassets in Resources */ = {isa = PBXBuildFile; fileRef = DCABA00222D73DFF00FB1C5B /* Assets.xcassets */; };
		DCABA00622D73DFF00FB1C5B /* LaunchScreen.storyboard in Resources */ = {isa = PBXBuildFile; fileRef = DCABA00422D73DFF00FB1C5B /* LaunchScreen.storyboard */; };
/* End PBXBuildFile section */

/* Begin PBXFileReference section */
		DCAB9FF822D73DFF00FB1C5B /* Pedometer.app */ = {isa = PBXFileReference; explicitFileType = wrapper.application; includeInIndex = 0; path = Pedometer.app; sourceTree = BUILT_PRODUCTS_DIR; };
		DCAB9FFB22D73DFF00FB1C5B /* AppDelegate.swift */ = {isa = PBXFileReference; lastKnownFileType = sourcecode.swift; path = AppDelegate.swift; sourceTree = "<group>"; };
		DCAB9FFD22D73DFF00FB1C5B /* ViewController.swift */ = {isa = PBXFileReference; lastKnownFileType = sourcecode.swift; path = ViewController.swift; sourceTree = "<group>"; };
		DCABA00022D73DFF00FB1C5B /* Base */ = {isa = PBXFileReference; lastKnownFileType = file.storyboard; name = Base; path = Base.lproj/Main.storyboard; sourceTree = "<group>"; };
		DCABA00222D73DFF00FB1C5B /* Assets.xcassets */ = {isa = PBXFileReference; lastKnownFileType = folder.assetcatalog; path = Assets.xcassets; sourceTree = "<group>"; };
		DCABA00522D73DFF00FB1C5B /* Base */ = {isa = PBXFileReference; lastKnownFileType = file.storyboard; name = Base; path = Base.lproj/LaunchScreen.storyboard; sourceTree = "<group>"; };
		DCABA00722D73DFF00FB1C5B /* Info.plist */ = {isa = PBXFileReference; lastKnownFileType = text.plist.xml; path = Info.plist; sourceTree = "<group>"; };
/* End PBXFileReference section */

/* Begin PBXFrameworksBuildPhase section */
		DCAB9FF522D73DFF00FB1C5B /* Frameworks */ = {
			isa = PBXFrameworksBuildPhase;
			buildActionMask = 2147483647;
			files = (
			);
			runOnlyForDeploymentPostprocessing = 0;
		};
/* End PBXFrameworksBuildPhase section */

/* Begin PBXGroup section */
		DCAB9FEF22D73DFF00FB1C5B = {
			isa = PBXGroup;
			children = (
				DCAB9FFA22D73DFF00FB1C5B /* Pedometer */,
				DCAB9FF922D73DFF00FB1C5B /* Products */,
			);
			sourceTree = "<group>";
		};
		DCAB9FF922D73DFF00FB1C5B /* Products */ = {
			isa = PBXGroup;
			children = (
				DCAB9FF822D73DFF00FB1C5B /* Pedometer.app */,
			);
			name = Products;
			sourceTree = "<group>";
		};
		DCAB9FFA22D73DFF00FB1C5B /* Pedometer */ = {
			isa = PBXGroup;
			children = (
				DCAB9FFB22D73DFF00FB1C5B /* AppDelegate.swift */,
				DCAB9FFD22D73DFF00FB1C5B /* ViewController.swift */,
				DCAB9FFF22D73DFF00FB1C5B /* Main.storyboard */,
				DCABA00222D73DFF00FB1C5B /* Assets.xcassets */,
				DCABA00422D73DFF00FB1C5B /* LaunchScreen.storyboard */,
				DCABA00722D73DFF00FB1C5B /* Info.plist */,
			);
			path = Pedometer;
			sourceTree = "<group>";
		};
/* End PBXGroup section */

/* Begin PBXNativeTarget section */
		DCAB9FF722D73DFF00FB1C5B /* Pedometer */ = {
			isa = PBXNativeTarget;
			buildConfigurationList = DCABA00A22D73DFF00FB1C5B /* Build configuration list for PBXNativeTarget "Pedometer" */;
			buildPhases = (
				DCAB9FF422D73DFF00FB1C5B /* Sources */,
				DCAB9FF522D73DFF00FB1C5B /* Frameworks */,
				DCAB9FF622D73DFF00FB1C5B /* Resources */,
			);
			buildRules = (
			);
			dependencies = (
			);
			name = Pedometer;
			productName = Pedometer;
			productReference = DCAB9FF822D73DFF00FB1C5B /* Pedometer.app */;
			productType = "com.apple.product-type.application";
		};
/* End PBXNativeTarget section */

/* Begin PBXProject section */
		DCAB9FF022D73DFF00FB1C5B /* Project object */ = {
			isa = PBXProject;
			attributes = {
				LastSwiftUpdateCheck = 1020;
				LastUpgradeCheck = 1020;
				ORGANIZATIONNAME = "Jasmine Hanifa Mounir";
				TargetAttributes = {
					DCAB9FF722D73DFF00FB1C5B = {
						CreatedOnToolsVersion = 10.2.1;
					};
				};
			};
			buildConfigurationList = DCAB9FF322D73DFF00FB1C5B /* Build configuration list for PBXProject "Pedometer" */;
			compatibilityVersion = "Xcode 9.3";
			developmentRegion = en;
			hasScannedForEncodings = 0;
			knownRegions = (
				en,
				Base,
			);
			mainGroup = DCAB9FEF22D73DFF00FB1C5B;
			productRefGroup = DCAB9FF922D73DFF00FB1C5B /* Products */;
			projectDirPath = "";
			projectRoot = "";
			targets = (
				DCAB9FF722D73DFF00FB1C5B /* Pedometer */,
			);
		};
/* End PBXProject section */

/* Begin PBXResourcesBuildPhase section */
		DCAB9FF622D73DFF00FB1C5B /* Resources */ = {
			isa = PBXResourcesBuildPhase;
			buildActionMask = 2147483647;
			files = (
				DCABA00622D73DFF00FB1C5B /* LaunchScreen.storyboard in Resources */,
				DCABA00322D73DFF00FB1C5B /* Assets.xcassets in Resources */,
				DCABA00122D73DFF00FB1C5B /* Main.storyboard in Resources */,
			);
			runOnlyForDeploymentPostprocessing = 0;
		};
/* End PBXResourcesBuildPhase section */

/* Begin PBXSourcesBuildPhase section */
		DCAB9FF422D73DFF00FB1C5B /* Sources */ = {
			isa = PBXSourcesBuildPhase;
			buildActionMask = 2147483647;
			files = (
				DCAB9FFE22D73DFF00FB1C5B /* ViewController.swift in Sources */,
				DCAB9FFC22D73DFF00FB1C5B /* AppDelegate.swift in Sources */,
			);
			runOnlyForDeploymentPostprocessing = 0;
		};
/* End PBXSourcesBuildPhase section */

/* Begin PBXVariantGroup section */
		DCAB9FFF22D73DFF00FB1C5B /* Main.storyboard */ = {
			isa = PBXVariantGroup;
			children = (
				DCABA00022D73DFF00FB1C5B /* Base */,
			);
			name = Main.storyboard;
			sourceTree = "<group>";
		};
		DCABA00422D73DFF00FB1C5B /* LaunchScreen.storyboard */ = {
			isa = PBXVariantGroup;
			children = (
				DCABA00522D73DFF00FB1C5B /* Base */,
			);
			name = LaunchScreen.storyboard;
			sourceTree = "<group>";
		};
/* End PBXVariantGroup section */

/* Begin XCBuildConfiguration section */
		DCABA00822D73DFF00FB1C5B /* Debug */ = {
			isa = XCBuildConfiguration;
			buildSettings = {
				ALWAYS_SEARCH_USER_PATHS = NO;
				CLANG_ANALYZER_NONNULL = YES;
				CLANG_ANALYZER_NUMBER_OBJECT_CONVERSION = YES_AGGRESSIVE;
				CLANG_CXX_LANGUAGE_STANDARD = "gnu++14";
				CLANG_CXX_LIBRARY = "libc++";
				CLANG_ENABLE_MODULES = YES;
				CLANG_ENABLE_OBJC_ARC = YES;
				CLANG_ENABLE_OBJC_WEAK = YES;
				CLANG_WARN_BLOCK_CAPTURE_AUTORELEASING = YES;
				CLANG_WARN_BOOL_CONVERSION = YES;
				CLANG_WARN_COMMA = YES;
				CLANG_WARN_CONSTANT_CONVERSION = YES;
				CLANG_WARN_DEPRECATED_OBJC_IMPLEMENTATIONS = YES;
				CLANG_WARN_DIRECT_OBJC_ISA_USAGE = YES_ERROR;
				CLANG_WARN_DOCUMENTATION_COMMENTS = YES;
				CLANG_WARN_EMPTY_BODY = YES;
				CLANG_WARN_ENUM_CONVERSION = YES;
				CLANG_WARN_INFINITE_RECURSION = YES;
				CLANG_WARN_INT_CONVERSION = YES;
				CLANG_WARN_NON_LITERAL_NULL_CONVERSION = YES;
				CLANG_WARN_OBJC_IMPLICIT_RETAIN_SELF = YES;
				CLANG_WARN_OBJC_LITERAL_CONVERSION = YES;
				CLANG_WARN_OBJC_ROOT_CLASS = YES_ERROR;
				CLANG_WARN_RANGE_LOOP_ANALYSIS = YES;
				CLANG_WARN_STRICT_PROTOTYPES = YES;
				CLANG_WARN_SUSPICIOUS_MOVE = YES;
				CLANG_WARN_UNGUARDED_AVAILABILITY = YES_AGGRESSIVE;
				CLANG_WARN_UNREACHABLE_CODE = YES;
				CLANG_WARN__DUPLICATE_METHOD_MATCH = YES;
				CODE_SIGN_IDENTITY = "iPhone Developer";
				COPY_PHASE_STRIP = NO;
				DEBUG_INFORMATION_FORMAT = dwarf;
				ENABLE_STRICT_OBJC_MSGSEND = YES;
				ENABLE_TESTABILITY = YES;
				GCC_C_LANGUAGE_STANDARD = gnu11;
				GCC_DYNAMIC_NO_PIC = NO;
				GCC_NO_COMMON_BLOCKS = YES;
				GCC_OPTIMIZATION_LEVEL = 0;
				GCC_PREPROCESSOR_DEFINITIONS = (
					"DEBUG=1",
					"$(inherited)",
				);
				GCC_WARN_64_TO_32_BIT_CONVERSION = YES;
				GCC_WARN_ABOUT_RETURN_TYPE = YES_ERROR;
				GCC_WARN_UNDECLARED_SELECTOR = YES;
				GCC_WARN_UNINITIALIZED_AUTOS = YES_AGGRESSIVE;
				GCC_WARN_UNUSED_FUNCTION = YES;
				GCC_WARN_UNUSED_VARIABLE = YES;
				IPHONEOS_DEPLOYMENT_TARGET = 12.2;
				MTL_ENABLE_DEBUG_INFO = INCLUDE_SOURCE;
				MTL_FAST_MATH = YES;
				ONLY_ACTIVE_ARCH = YES;
				SDKROOT = iphoneos;
				SWIFT_ACTIVE_COMPILATION_CONDITIONS = DEBUG;
				SWIFT_OPTIMIZATION_LEVEL = "-Onone";
			};
			name = Debug;
		};
		DCABA00922D73DFF00FB1C5B /* Release */ = {
			isa = XCBuildConfiguration;
			buildSettings = {
				ALWAYS_SEARCH_USER_PATHS = NO;
				CLANG_ANALYZER_NONNULL = YES;
				CLANG_ANALYZER_NUMBER_OBJECT_CONVERSION = YES_AGGRESSIVE;
				CLANG_CXX_LANGUAGE_STANDARD = "gnu++14";
				CLANG_CXX_LIBRARY = "libc++";
				CLANG_ENABLE_MODULES = YES;
				CLANG_ENABLE_OBJC_ARC = YES;
				CLANG_ENABLE_OBJC_WEAK = YES;
				CLANG_WARN_BLOCK_CAPTURE_AUTORELEASING = YES;
				CLANG_WARN_BOOL_CONVERSION = YES;
				CLANG_WARN_COMMA = YES;
				CLANG_WARN_CONSTANT_CONVERSION = YES;
				CLANG_WARN_DEPRECATED_OBJC_IMPLEMENTATIONS = YES;
				CLANG_WARN_DIRECT_OBJC_ISA_USAGE = YES_ERROR;
				CLANG_WARN_DOCUMENTATION_COMMENTS = YES;
				CLANG_WARN_EMPTY_BODY = YES;
				CLANG_WARN_ENUM_CONVERSION = YES;
				CLANG_WARN_INFINITE_RECURSION = YES;
				CLANG_WARN_INT_CONVERSION = YES;
				CLANG_WARN_NON_LITERAL_NULL_CONVERSION = YES;
				CLANG_WARN_OBJC_IMPLICIT_RETAIN_SELF = YES;
				CLANG_WARN_OBJC_LITERAL_CONVERSION = YES;
				CLANG_WARN_OBJC_ROOT_CLASS = YES_ERROR;
				CLANG_WARN_RANGE_LOOP_ANALYSIS = YES;
				CLANG_WARN_STRICT_PROTOTYPES = YES;
				CLANG_WARN_SUSPICIOUS_MOVE = YES;
				CLANG_WARN_UNGUARDED_AVAILABILITY = YES_AGGRESSIVE;
				CLANG_WARN_UNREACHABLE_CODE = YES;
				CLANG_WARN__DUPLICATE_METHOD_MATCH = YES;
				CODE_SIGN_IDENTITY = "iPhone Developer";
				COPY_PHASE_STRIP = NO;
				DEBUG_INFORMATION_FORMAT = "dwarf-with-dsym";
				ENABLE_NS_ASSERTIONS = NO;
				ENABLE_STRICT_OBJC_MSGSEND = YES;
				GCC_C_LANGUAGE_STANDARD = gnu11;
				GCC_NO_COMMON_BLOCKS = YES;
				GCC_WARN_64_TO_32_BIT_CONVERSION = YES;
				GCC_WARN_ABOUT_RETURN_TYPE = YES_ERROR;
				GCC_WARN_UNDECLARED_SELECTOR = YES;
				GCC_WARN_UNINITIALIZED_AUTOS = YES_AGGRESSIVE;
				GCC_WARN_UNUSED_FUNCTION = YES;
				GCC_WARN_UNUSED_VARIABLE = YES;
				IPHONEOS_DEPLOYMENT_TARGET = 12.2;
				MTL_ENABLE_DEBUG_INFO = NO;
				MTL_FAST_MATH = YES;
				SDKROOT = iphoneos;
				SWIFT_COMPILATION_MODE = wholemodule;
				SWIFT_OPTIMIZATION_LEVEL = "-O";
				VALIDATE_PRODUCT = YES;
			};
			name = Release;
		};
		DCABA00B22D73DFF00FB1C5B /* Debug */ = {
			isa = XCBuildConfiguration;
			buildSettings = {
				ASSETCATALOG_COMPILER_APPICON_NAME = AppIcon;
				CODE_SIGN_STYLE = Automatic;
				DEVELOPMENT_TEAM = 4H65A594JP;
				INFOPLIST_FILE = Pedometer/Info.plist;
				LD_RUNPATH_SEARCH_PATHS = (
					"$(inherited)",
					"@executable_path/Frameworks",
				);
				PRODUCT_BUNDLE_IDENTIFIER = com.jasmine.Pedometer;
				PRODUCT_NAME = "$(TARGET_NAME)";
				SWIFT_VERSION = 5.0;
				TARGETED_DEVICE_FAMILY = "1,2";
			};
			name = Debug;
		};
		DCABA00C22D73DFF00FB1C5B /* Release */ = {
			isa = XCBuildConfiguration;
			buildSettings = {
				ASSETCATALOG_COMPILER_APPICON_NAME = AppIcon;
				CODE_SIGN_STYLE = Automatic;
				DEVELOPMENT_TEAM = 4H65A594JP;
				INFOPLIST_FILE = Pedometer/Info.plist;
				LD_RUNPATH_SEARCH_PATHS = (
					"$(inherited)",
					"@executable_path/Frameworks",
				);
				PRODUCT_BUNDLE_IDENTIFIER = com.jasmine.Pedometer;
				PRODUCT_NAME = "$(TARGET_NAME)";
				SWIFT_VERSION = 5.0;
				TARGETED_DEVICE_FAMILY = "1,2";
			};
			name = Release;
		};
/* End XCBuildConfiguration section */

/* Begin XCConfigurationList section */
		DCAB9FF322D73DFF00FB1C5B /* Build configuration list for PBXProject "Pedometer" */ = {
			isa = XCConfigurationList;
			buildConfigurations = (
				DCABA00822D73DFF00FB1C5B /* Debug */,
				DCABA00922D73DFF00FB1C5B /* Release */,
			);
			defaultConfigurationIsVisible = 0;
			defaultConfigurationName = Release;
		};
		DCABA00A22D73DFF00FB1C5B /* Build configuration list for PBXNativeTarget "Pedometer" */ = {
			isa = XCConfigurationList;
			buildConfigurations = (
				DCABA00B22D73DFF00FB1C5B /* Debug */,
				DCABA00C22D73DFF00FB1C5B /* Release */,
			);
			defaultConfigurationIsVisible = 0;
			defaultConfigurationName = Release;
		};
/* End XCConfigurationList section */
	};
	rootObject = DCAB9FF022D73DFF00FB1C5B /* Project object */;
}
